# Servision Scout

A field CRM for Servision restaurant outreach. Map + client cards + interaction
log + follow-up agenda. Mobile-first (built to use while walking around).

## Stack
- Node.js + Express (single file: `server.js`)
- SQLite via better-sqlite3 (`scout.db`)
- Vanilla JS frontend (`public/index.html`, `public/app.js`)
- Map: Leaflet + OpenStreetMap tiles (no API key)
- Geocoding: OpenStreetMap Nominatim (no API key)

No OAuth keys, no Google Cloud, no paid APIs. Intentional — v1 has zero external
credentials to manage.

## Run locally
```
npm install
npm start
# open http://localhost:3000
```

## Deploy to Railway
1. Push this repo to GitHub.
2. Railway → New Project → Deploy from GitHub → pick this repo.
3. Railway auto-detects Node and runs `npm start`.

### IMPORTANT — make data survive redeploys
SQLite writes to a file. Railway's default filesystem is wiped on every deploy,
so WITHOUT a volume your clients vanish each time you push. Fix:
1. In Railway → your service → **Variables**, add: `DB_PATH=/data/scout.db`
2. In Railway → your service → **Volumes**, add a volume mounted at `/data`.
Now the database lives on the persistent volume and survives deploys.

## Data model
- **clients**: name, address, neighborhood, lat/lng, type (independent/franchise),
  status (prospect → contacted → demo → client / dead), owner_name, contact,
  modern_score (0-5 gut rating for "early-adopter fit"), notes, next_action + date.
- **interactions**: per-client log (visit / call / message / note) with timestamps.

## Features
- **Clients tab**: filterable list by status, colour-coded.
- **Map tab**: pins colour-coded by status; tap map to drop a new prospect;
  search a Montreal address to pin it.
- **Agenda tab**: everything with a next-action date, soonest first.
- **Modern score**: your 0-5 gut rating so you can prioritise design-forward,
  early-adopter restaurants.

## Future (not built yet — deliberately)
- Neighborhood scoring / auto-discovery of "modern" owners
- Google Calendar sync
- Multi-user login (currently single shared instance — fine for you + one buddy)
